
Microsoft Visual Studio Solution File, Format Version 12.00
# Visual Studio 15
VisualStudioVersion = 15.0.28307.168
MinimumVisualStudioVersion = 10.0.40219.1
Project("{9A19103F-16F7-4668-BE54-9A1E7A4F7556}") = "BookShop", "BookShop.csproj", "{F3630F96-4891-4453-9BF5-C0D3A34E5C25}"
EndProject
Global
	GlobalSection(SolutionConfigurationPlatforms) = preSolution
		Debug|Any CPU = Debug|Any CPU
		Release|Any CPU = Release|Any CPU
	EndGlobalSection
	GlobalSection(ProjectConfigurationPlatforms) = postSolution
		{F3630F96-4891-4453-9BF5-C0D3A34E5C25}.Debug|Any CPU.ActiveCfg = Debug|Any CPU
		{F3630F96-4891-4453-9BF5-C0D3A34E5C25}.Debug|Any CPU.Build.0 = Debug|Any CPU
		{F3630F96-4891-4453-9BF5-C0D3A34E5C25}.Release|Any CPU.ActiveCfg = Release|Any CPU
		{F3630F96-4891-4453-9BF5-C0D3A34E5C25}.Release|Any CPU.Build.0 = Release|Any CPU
	EndGlobalSection
	GlobalSection(SolutionProperties) = preSolution
		HideSolutionNode = FALSE
	EndGlobalSection
	GlobalSection(ExtensibilityGlobals) = postSolution
		SolutionGuid = {130B4765-F4BA-4481-8B5D-3D92C76D0378}
	EndGlobalSection
EndGlobal
